
Microsoft Visual Studio Solution File, Format Version 12.00
Project("{FAE04EC0-301F-11D3-BF4B-00C04F79EFBC}") = "ProductApi", "ProductApi\ProductApi.csproj", "{9976AD42-B534-437B-9EE9-AB1E361DD91A}"
EndProject
Global
	GlobalSection(SolutionConfigurationPlatforms) = preSolution
		Debug|Any CPU = Debug|Any CPU
		Release|Any CPU = Release|Any CPU
	EndGlobalSection
	GlobalSection(ProjectConfigurationPlatforms) = postSolution
		{9976AD42-B534-437B-9EE9-AB1E361DD91A}.Debug|Any CPU.ActiveCfg = Debug|Any CPU
		{9976AD42-B534-437B-9EE9-AB1E361DD91A}.Debug|Any CPU.Build.0 = Debug|Any CPU
		{9976AD42-B534-437B-9EE9-AB1E361DD91A}.Release|Any CPU.ActiveCfg = Release|Any CPU
		{9976AD42-B534-437B-9EE9-AB1E361DD91A}.Release|Any CPU.Build.0 = Release|Any CPU
	EndGlobalSection
EndGlobal
